
Microsoft Visual Studio Solution File, Format Version 12.00
# Visual Studio 2012
Project("{E24C65DC-7377-472B-9ABA-BC803B73C61A}") = "checkbox list", "http://localhost:50049", "{5379AA4A-9FEF-4C2E-9E99-30D17201E278}"
	ProjectSection(WebsiteProperties) = preProject
		UseIISExpress = "true"
		TargetFrameworkMoniker = ".NETFramework,Version%3Dv4.5"
		Debug.AspNetCompiler.VirtualPath = "/localhost_50049"
		Debug.AspNetCompiler.PhysicalPath = "..\..\WebSites\checkbox list\"
		Debug.AspNetCompiler.TargetPath = "PrecompiledWeb\localhost_50049\"
		Debug.AspNetCompiler.Updateable = "true"
		Debug.AspNetCompiler.ForceOverwrite = "true"
		Debug.AspNetCompiler.FixedNames = "false"
		Debug.AspNetCompiler.Debug = "True"
		Release.AspNetCompiler.VirtualPath = "/localhost_50049"
		Release.AspNetCompiler.PhysicalPath = "..\..\WebSites\checkbox list\"
		Release.AspNetCompiler.TargetPath = "PrecompiledWeb\localhost_50049\"
		Release.AspNetCompiler.Updateable = "true"
		Release.AspNetCompiler.ForceOverwrite = "true"
		Release.AspNetCompiler.FixedNames = "false"
		Release.AspNetCompiler.Debug = "False"
		SlnRelativePath = "..\..\WebSites\checkbox list\"
		DefaultWebSiteLanguage = "Visual C#"
	EndProjectSection
EndProject
Global
	GlobalSection(SolutionConfigurationPlatforms) = preSolution
		Debug|Any CPU = Debug|Any CPU
	EndGlobalSection
	GlobalSection(ProjectConfigurationPlatforms) = postSolution
		{5379AA4A-9FEF-4C2E-9E99-30D17201E278}.Debug|Any CPU.ActiveCfg = Debug|Any CPU
		{5379AA4A-9FEF-4C2E-9E99-30D17201E278}.Debug|Any CPU.Build.0 = Debug|Any CPU
	EndGlobalSection
	GlobalSection(SolutionProperties) = preSolution
		HideSolutionNode = FALSE
	EndGlobalSection
EndGlobal
